
Microsoft Visual Studio Solution File, Format Version 12.00
# Visual Studio 14
VisualStudioVersion = 14.0.24720.0
MinimumVisualStudioVersion = 10.0.40219.1
Project("{FAE04EC0-301F-11D3-BF4B-00C04F79EFBC}") = "FriendStorage.UI", "FriendStorage.UI\FriendStorage.UI.csproj", "{D32D4E43-79CA-4FD3-B920-13957F9060E7}"
EndProject
Project("{FAE04EC0-301F-11D3-BF4B-00C04F79EFBC}") = "FriendStorage.DataAccess", "FriendStorage.DataAccess\FriendStorage.DataAccess.csproj", "{ED3B0A8C-BCE2-427B-8DA8-AC7F1388DD2E}"
EndProject
Project("{FAE04EC0-301F-11D3-BF4B-00C04F79EFBC}") = "FriendStorage.Model", "FriendStorage.Model\FriendStorage.Model.csproj", "{67EB7C6D-721A-4C84-991D-594BD263A0ED}"
EndProject
Global
	GlobalSection(SolutionConfigurationPlatforms) = preSolution
		Debug|Any CPU = Debug|Any CPU
		Release|Any CPU = Release|Any CPU
	EndGlobalSection
	GlobalSection(ProjectConfigurationPlatforms) = postSolution
		{D32D4E43-79CA-4FD3-B920-13957F9060E7}.Debug|Any CPU.ActiveCfg = Debug|Any CPU
		{D32D4E43-79CA-4FD3-B920-13957F9060E7}.Debug|Any CPU.Build.0 = Debug|Any CPU
		{D32D4E43-79CA-4FD3-B920-13957F9060E7}.Release|Any CPU.ActiveCfg = Release|Any CPU
		{D32D4E43-79CA-4FD3-B920-13957F9060E7}.Release|Any CPU.Build.0 = Release|Any CPU
		{ED3B0A8C-BCE2-427B-8DA8-AC7F1388DD2E}.Debug|Any CPU.ActiveCfg = Debug|Any CPU
		{ED3B0A8C-BCE2-427B-8DA8-AC7F1388DD2E}.Debug|Any CPU.Build.0 = Debug|Any CPU
		{ED3B0A8C-BCE2-427B-8DA8-AC7F1388DD2E}.Release|Any CPU.ActiveCfg = Release|Any CPU
		{ED3B0A8C-BCE2-427B-8DA8-AC7F1388DD2E}.Release|Any CPU.Build.0 = Release|Any CPU
		{67EB7C6D-721A-4C84-991D-594BD263A0ED}.Debug|Any CPU.ActiveCfg = Debug|Any CPU
		{67EB7C6D-721A-4C84-991D-594BD263A0ED}.Debug|Any CPU.Build.0 = Debug|Any CPU
		{67EB7C6D-721A-4C84-991D-594BD263A0ED}.Release|Any CPU.ActiveCfg = Release|Any CPU
		{67EB7C6D-721A-4C84-991D-594BD263A0ED}.Release|Any CPU.Build.0 = Release|Any CPU
	EndGlobalSection
	GlobalSection(SolutionProperties) = preSolution
		HideSolutionNode = FALSE
	EndGlobalSection
EndGlobal
